
Microsoft Visual Studio Solution File, Format Version 12.00
# Visual Studio Version 17
VisualStudioVersion = 17.13.35825.156 d17.13
MinimumVisualStudioVersion = 10.0.40219.1
Project("{FAE04EC0-301F-11D3-BF4B-00C04F79EFBC}") = "7 - klient własny", "7 - klient własny.csproj", "{D3226C56-2375-4C55-923A-459C40DE842E}"
EndProject
Global
	GlobalSection(SolutionConfigurationPlatforms) = preSolution
		Debug|Any CPU = Debug|Any CPU
		Release|Any CPU = Release|Any CPU
	EndGlobalSection
	GlobalSection(ProjectConfigurationPlatforms) = postSolution
		{D3226C56-2375-4C55-923A-459C40DE842E}.Debug|Any CPU.ActiveCfg = Debug|Any CPU
		{D3226C56-2375-4C55-923A-459C40DE842E}.Debug|Any CPU.Build.0 = Debug|Any CPU
		{D3226C56-2375-4C55-923A-459C40DE842E}.Release|Any CPU.ActiveCfg = Release|Any CPU
		{D3226C56-2375-4C55-923A-459C40DE842E}.Release|Any CPU.Build.0 = Release|Any CPU
	EndGlobalSection
	GlobalSection(SolutionProperties) = preSolution
		HideSolutionNode = FALSE
	EndGlobalSection
	GlobalSection(ExtensibilityGlobals) = postSolution
		SolutionGuid = {E9C5B98F-ECE8-43F8-B27A-FB64AC7BFA0C}
	EndGlobalSection
EndGlobal
