
Microsoft Visual Studio Solution File, Format Version 12.00
# Visual Studio Version 17
VisualStudioVersion = 17.13.35825.156 d17.13
MinimumVisualStudioVersion = 10.0.40219.1
Project("{FAE04EC0-301F-11D3-BF4B-00C04F79EFBC}") = "my client", "my client.csproj", "{C37072F9-2C42-4DD2-A9C4-46DEB6C7DC19}"
EndProject
Global
	GlobalSection(SolutionConfigurationPlatforms) = preSolution
		Debug|Any CPU = Debug|Any CPU
		Release|Any CPU = Release|Any CPU
	EndGlobalSection
	GlobalSection(ProjectConfigurationPlatforms) = postSolution
		{C37072F9-2C42-4DD2-A9C4-46DEB6C7DC19}.Debug|Any CPU.ActiveCfg = Debug|Any CPU
		{C37072F9-2C42-4DD2-A9C4-46DEB6C7DC19}.Debug|Any CPU.Build.0 = Debug|Any CPU
		{C37072F9-2C42-4DD2-A9C4-46DEB6C7DC19}.Release|Any CPU.ActiveCfg = Release|Any CPU
		{C37072F9-2C42-4DD2-A9C4-46DEB6C7DC19}.Release|Any CPU.Build.0 = Release|Any CPU
	EndGlobalSection
	GlobalSection(SolutionProperties) = preSolution
		HideSolutionNode = FALSE
	EndGlobalSection
	GlobalSection(ExtensibilityGlobals) = postSolution
		SolutionGuid = {AD6E55D7-00C2-40A9-A08C-D17161CC314E}
	EndGlobalSection
EndGlobal
