
Microsoft Visual Studio Solution File, Format Version 12.00
# Visual Studio Version 17
VisualStudioVersion = 17.13.35825.156 d17.13
MinimumVisualStudioVersion = 10.0.40219.1
Project("{FAE04EC0-301F-11D3-BF4B-00C04F79EFBC}") = "6 klient", "6 klient.csproj", "{29C5078A-6771-4490-95C0-8775361B5D47}"
EndProject
Global
	GlobalSection(SolutionConfigurationPlatforms) = preSolution
		Debug|Any CPU = Debug|Any CPU
		Release|Any CPU = Release|Any CPU
	EndGlobalSection
	GlobalSection(ProjectConfigurationPlatforms) = postSolution
		{29C5078A-6771-4490-95C0-8775361B5D47}.Debug|Any CPU.ActiveCfg = Debug|Any CPU
		{29C5078A-6771-4490-95C0-8775361B5D47}.Debug|Any CPU.Build.0 = Debug|Any CPU
		{29C5078A-6771-4490-95C0-8775361B5D47}.Release|Any CPU.ActiveCfg = Release|Any CPU
		{29C5078A-6771-4490-95C0-8775361B5D47}.Release|Any CPU.Build.0 = Release|Any CPU
	EndGlobalSection
	GlobalSection(SolutionProperties) = preSolution
		HideSolutionNode = FALSE
	EndGlobalSection
	GlobalSection(ExtensibilityGlobals) = postSolution
		SolutionGuid = {8C091674-1FB4-457B-854E-17341F99C67D}
	EndGlobalSection
EndGlobal
