
Microsoft Visual Studio Solution File, Format Version 12.00
# Visual Studio Version 17
VisualStudioVersion = 17.13.35825.156 d17.13
MinimumVisualStudioVersion = 10.0.40219.1
Project("{FAE04EC0-301F-11D3-BF4B-00C04F79EFBC}") = "2", "2.csproj", "{F44F03E5-13C9-4BD6-B409-296645C9DFC3}"
EndProject
Global
	GlobalSection(SolutionConfigurationPlatforms) = preSolution
		Debug|Any CPU = Debug|Any CPU
		Release|Any CPU = Release|Any CPU
	EndGlobalSection
	GlobalSection(ProjectConfigurationPlatforms) = postSolution
		{F44F03E5-13C9-4BD6-B409-296645C9DFC3}.Debug|Any CPU.ActiveCfg = Debug|Any CPU
		{F44F03E5-13C9-4BD6-B409-296645C9DFC3}.Debug|Any CPU.Build.0 = Debug|Any CPU
		{F44F03E5-13C9-4BD6-B409-296645C9DFC3}.Release|Any CPU.ActiveCfg = Release|Any CPU
		{F44F03E5-13C9-4BD6-B409-296645C9DFC3}.Release|Any CPU.Build.0 = Release|Any CPU
	EndGlobalSection
	GlobalSection(SolutionProperties) = preSolution
		HideSolutionNode = FALSE
	EndGlobalSection
	GlobalSection(ExtensibilityGlobals) = postSolution
		SolutionGuid = {5A11FBA9-9679-489C-AB3F-2D41514F7C82}
	EndGlobalSection
EndGlobal
