
Microsoft Visual Studio Solution File, Format Version 12.00
# Visual Studio Version 17
VisualStudioVersion = 17.13.35825.156
MinimumVisualStudioVersion = 10.0.40219.1
Project("{FAE04EC0-301F-11D3-BF4B-00C04F79EFBC}") = "nadawca", "nadawca.csproj", "{DBC36807-8073-4647-9C29-7304A45AE14C}"
EndProject
Project("{FAE04EC0-301F-11D3-BF4B-00C04F79EFBC}") = "odbiorca1", "..\odbiorca1\odbiorca1.csproj", "{2258CFF9-1258-4EE1-8C52-00003A65C45F}"
EndProject
Project("{FAE04EC0-301F-11D3-BF4B-00C04F79EFBC}") = "odbiorca2", "..\odbiorca2\odbiorca2.csproj", "{F234E990-D841-4F04-A9CB-D4F284BCB73C}"
EndProject
Global
	GlobalSection(SolutionConfigurationPlatforms) = preSolution
		Debug|Any CPU = Debug|Any CPU
		Release|Any CPU = Release|Any CPU
	EndGlobalSection
	GlobalSection(ProjectConfigurationPlatforms) = postSolution
		{DBC36807-8073-4647-9C29-7304A45AE14C}.Debug|Any CPU.ActiveCfg = Debug|Any CPU
		{DBC36807-8073-4647-9C29-7304A45AE14C}.Debug|Any CPU.Build.0 = Debug|Any CPU
		{DBC36807-8073-4647-9C29-7304A45AE14C}.Release|Any CPU.ActiveCfg = Release|Any CPU
		{DBC36807-8073-4647-9C29-7304A45AE14C}.Release|Any CPU.Build.0 = Release|Any CPU
		{2258CFF9-1258-4EE1-8C52-00003A65C45F}.Debug|Any CPU.ActiveCfg = Debug|Any CPU
		{2258CFF9-1258-4EE1-8C52-00003A65C45F}.Debug|Any CPU.Build.0 = Debug|Any CPU
		{2258CFF9-1258-4EE1-8C52-00003A65C45F}.Release|Any CPU.ActiveCfg = Release|Any CPU
		{2258CFF9-1258-4EE1-8C52-00003A65C45F}.Release|Any CPU.Build.0 = Release|Any CPU
		{F234E990-D841-4F04-A9CB-D4F284BCB73C}.Debug|Any CPU.ActiveCfg = Debug|Any CPU
		{F234E990-D841-4F04-A9CB-D4F284BCB73C}.Debug|Any CPU.Build.0 = Debug|Any CPU
		{F234E990-D841-4F04-A9CB-D4F284BCB73C}.Release|Any CPU.ActiveCfg = Release|Any CPU
		{F234E990-D841-4F04-A9CB-D4F284BCB73C}.Release|Any CPU.Build.0 = Release|Any CPU
	EndGlobalSection
	GlobalSection(SolutionProperties) = preSolution
		HideSolutionNode = FALSE
	EndGlobalSection
	GlobalSection(ExtensibilityGlobals) = postSolution
		SolutionGuid = {6AC0AF87-32C8-401C-9A86-71D6419DB6C5}
	EndGlobalSection
EndGlobal
